
Microsoft Visual Studio Solution File, Format Version 12.00
# Visual Studio 15
VisualStudioVersion = 15.0.28307.705
MinimumVisualStudioVersion = 10.0.40219.1
Project("{FAE04EC0-301F-11D3-BF4B-00C04F79EFBC}") = "INSTAGRAM", "INSTAGRAM\INSTAGRAM.csproj", "{FA4CA366-E90F-4C69-BCBC-52F422D90B2F}"
EndProject
Global
	GlobalSection(SolutionConfigurationPlatforms) = preSolution
		Debug|Any CPU = Debug|Any CPU
		Release|Any CPU = Release|Any CPU
	EndGlobalSection
	GlobalSection(ProjectConfigurationPlatforms) = postSolution
		{FA4CA366-E90F-4C69-BCBC-52F422D90B2F}.Debug|Any CPU.ActiveCfg = Debug|Any CPU
		{FA4CA366-E90F-4C69-BCBC-52F422D90B2F}.Debug|Any CPU.Build.0 = Debug|Any CPU
		{FA4CA366-E90F-4C69-BCBC-52F422D90B2F}.Release|Any CPU.ActiveCfg = Release|Any CPU
		{FA4CA366-E90F-4C69-BCBC-52F422D90B2F}.Release|Any CPU.Build.0 = Release|Any CPU
	EndGlobalSection
	GlobalSection(SolutionProperties) = preSolution
		HideSolutionNode = FALSE
	EndGlobalSection
	GlobalSection(ExtensibilityGlobals) = postSolution
		SolutionGuid = {506D699C-6AC2-44A1-B755-04EA0372FE13}
	EndGlobalSection
EndGlobal
