
Microsoft Visual Studio Solution File, Format Version 12.00
# Visual Studio 15
VisualStudioVersion = 15.0.28307.705
MinimumVisualStudioVersion = 10.0.40219.1
Project("{FAE04EC0-301F-11D3-BF4B-00C04F79EFBC}") = "Repository", "Repository\Repository.csproj", "{471A8CA4-6F76-4BFC-9615-655DD2D07562}"
EndProject
Global
	GlobalSection(SolutionConfigurationPlatforms) = preSolution
		Debug|Any CPU = Debug|Any CPU
		Release|Any CPU = Release|Any CPU
	EndGlobalSection
	GlobalSection(ProjectConfigurationPlatforms) = postSolution
		{471A8CA4-6F76-4BFC-9615-655DD2D07562}.Debug|Any CPU.ActiveCfg = Debug|Any CPU
		{471A8CA4-6F76-4BFC-9615-655DD2D07562}.Debug|Any CPU.Build.0 = Debug|Any CPU
		{471A8CA4-6F76-4BFC-9615-655DD2D07562}.Release|Any CPU.ActiveCfg = Release|Any CPU
		{471A8CA4-6F76-4BFC-9615-655DD2D07562}.Release|Any CPU.Build.0 = Release|Any CPU
	EndGlobalSection
	GlobalSection(SolutionProperties) = preSolution
		HideSolutionNode = FALSE
	EndGlobalSection
	GlobalSection(ExtensibilityGlobals) = postSolution
		SolutionGuid = {B448B7B2-0B58-40D7-AC61-3F03AAC5B28E}
	EndGlobalSection
EndGlobal
