
Microsoft Visual Studio Solution File, Format Version 12.00
# Visual Studio 15
VisualStudioVersion = 15.0.28307.705
MinimumVisualStudioVersion = 10.0.40219.1
Project("{FAE04EC0-301F-11D3-BF4B-00C04F79EFBC}") = "stajOdevPartial", "stajOdevPartial\stajOdevPartial.csproj", "{2457DD9D-24BF-4CFC-AAD7-0A22E16CC1BC}"
EndProject
Global
	GlobalSection(SolutionConfigurationPlatforms) = preSolution
		Debug|Any CPU = Debug|Any CPU
		Release|Any CPU = Release|Any CPU
	EndGlobalSection
	GlobalSection(ProjectConfigurationPlatforms) = postSolution
		{2457DD9D-24BF-4CFC-AAD7-0A22E16CC1BC}.Debug|Any CPU.ActiveCfg = Debug|Any CPU
		{2457DD9D-24BF-4CFC-AAD7-0A22E16CC1BC}.Debug|Any CPU.Build.0 = Debug|Any CPU
		{2457DD9D-24BF-4CFC-AAD7-0A22E16CC1BC}.Release|Any CPU.ActiveCfg = Release|Any CPU
		{2457DD9D-24BF-4CFC-AAD7-0A22E16CC1BC}.Release|Any CPU.Build.0 = Release|Any CPU
	EndGlobalSection
	GlobalSection(SolutionProperties) = preSolution
		HideSolutionNode = FALSE
	EndGlobalSection
	GlobalSection(ExtensibilityGlobals) = postSolution
		SolutionGuid = {5BFF0033-DC7E-479E-9FE8-26417B90F902}
	EndGlobalSection
EndGlobal
